
Microsoft Visual Studio Solution File, Format Version 12.00
# Visual Studio Version 17
VisualStudioVersion = 17.0.31912.275
MinimumVisualStudioVersion = 10.0.40219.1
Project("{FAE04EC0-301F-11D3-BF4B-00C04F79EFBC}") = "Generator", "Generator\Generator.csproj", "{0FFB60C3-8E54-46A4-803D-25AE1DF83E61}"
EndProject
Project("{FAE04EC0-301F-11D3-BF4B-00C04F79EFBC}") = "NumberGenerators", "NumberGenerators\NumberGenerators\NumberGenerators.csproj", "{B8E369BB-225D-4850-A8AE-D4E7072892DB}"
EndProject
Project("{FAE04EC0-301F-11D3-BF4B-00C04F79EFBC}") = "Core", "Core\Core.csproj", "{17122721-12C2-4DDC-8189-48BA29C7DB8A}"
EndProject
Project("{FAE04EC0-301F-11D3-BF4B-00C04F79EFBC}") = "ConsoleAppTest", "ConsoleAppTest\ConsoleAppTest.csproj", "{29B5241A-F7C6-428E-BDD3-5565DCA5C8B8}"
EndProject
Global
	GlobalSection(SolutionConfigurationPlatforms) = preSolution
		Debug|Any CPU = Debug|Any CPU
		Release|Any CPU = Release|Any CPU
	EndGlobalSection
	GlobalSection(ProjectConfigurationPlatforms) = postSolution
		{0FFB60C3-8E54-46A4-803D-25AE1DF83E61}.Debug|Any CPU.ActiveCfg = Debug|Any CPU
		{0FFB60C3-8E54-46A4-803D-25AE1DF83E61}.Debug|Any CPU.Build.0 = Debug|Any CPU
		{0FFB60C3-8E54-46A4-803D-25AE1DF83E61}.Release|Any CPU.ActiveCfg = Release|Any CPU
		{0FFB60C3-8E54-46A4-803D-25AE1DF83E61}.Release|Any CPU.Build.0 = Release|Any CPU
		{B8E369BB-225D-4850-A8AE-D4E7072892DB}.Debug|Any CPU.ActiveCfg = Debug|Any CPU
		{B8E369BB-225D-4850-A8AE-D4E7072892DB}.Debug|Any CPU.Build.0 = Debug|Any CPU
		{B8E369BB-225D-4850-A8AE-D4E7072892DB}.Release|Any CPU.ActiveCfg = Release|Any CPU
		{B8E369BB-225D-4850-A8AE-D4E7072892DB}.Release|Any CPU.Build.0 = Release|Any CPU
		{17122721-12C2-4DDC-8189-48BA29C7DB8A}.Debug|Any CPU.ActiveCfg = Debug|Any CPU
		{17122721-12C2-4DDC-8189-48BA29C7DB8A}.Debug|Any CPU.Build.0 = Debug|Any CPU
		{17122721-12C2-4DDC-8189-48BA29C7DB8A}.Release|Any CPU.ActiveCfg = Release|Any CPU
		{17122721-12C2-4DDC-8189-48BA29C7DB8A}.Release|Any CPU.Build.0 = Release|Any CPU
		{29B5241A-F7C6-428E-BDD3-5565DCA5C8B8}.Debug|Any CPU.ActiveCfg = Debug|Any CPU
		{29B5241A-F7C6-428E-BDD3-5565DCA5C8B8}.Debug|Any CPU.Build.0 = Debug|Any CPU
		{29B5241A-F7C6-428E-BDD3-5565DCA5C8B8}.Release|Any CPU.ActiveCfg = Release|Any CPU
		{29B5241A-F7C6-428E-BDD3-5565DCA5C8B8}.Release|Any CPU.Build.0 = Release|Any CPU
	EndGlobalSection
	GlobalSection(SolutionProperties) = preSolution
		HideSolutionNode = FALSE
	EndGlobalSection
	GlobalSection(ExtensibilityGlobals) = postSolution
		SolutionGuid = {28F514B1-711C-4BF9-9719-0B495D980841}
	EndGlobalSection
EndGlobal
